
Microsoft Visual Studio Solution File, Format Version 12.00
# Visual Studio 15
VisualStudioVersion = 15.0.26730.16
MinimumVisualStudioVersion = 10.0.40219.1
Project("{FAE04EC0-301F-11D3-BF4B-00C04F79EFBC}") = "Entrepreneur App", "Entrepreneur App\Entrepreneur App.csproj", "{94368D3F-263C-472D-8041-284E2B12909F}"
EndProject
Global
	GlobalSection(SolutionConfigurationPlatforms) = preSolution
		Debug|Any CPU = Debug|Any CPU
		Release|Any CPU = Release|Any CPU
	EndGlobalSection
	GlobalSection(ProjectConfigurationPlatforms) = postSolution
		{94368D3F-263C-472D-8041-284E2B12909F}.Debug|Any CPU.ActiveCfg = Debug|Any CPU
		{94368D3F-263C-472D-8041-284E2B12909F}.Debug|Any CPU.Build.0 = Debug|Any CPU
		{94368D3F-263C-472D-8041-284E2B12909F}.Release|Any CPU.ActiveCfg = Release|Any CPU
		{94368D3F-263C-472D-8041-284E2B12909F}.Release|Any CPU.Build.0 = Release|Any CPU
	EndGlobalSection
	GlobalSection(SolutionProperties) = preSolution
		HideSolutionNode = FALSE
	EndGlobalSection
	GlobalSection(ExtensibilityGlobals) = postSolution
		SolutionGuid = {97C4B0FA-B8ED-4706-B0C4-946AF7773B6F}
	EndGlobalSection
EndGlobal
